<?xml version="1.0" encoding="utf-8"?>
<Project ToolsVersion="4.0" xmlns="http://schemas.microsoft.com/developer/msbuild/2003">
  <ItemGroup>
    <Filter Include="소스 파일">
      <UniqueIdentifier>{4FC737F1-C7A5-4376-A066-2A32D752A2FF}</UniqueIdentifier>
      <Extensions>cpp;c;cc;cxx;c++;cppm;ixx;def;odl;idl;hpj;bat;asm;asmx</Extensions>
    </Filter>
    <Filter Include="리소스 파일">
      <UniqueIdentifier>{67DA6AB6-F800-4c08-8B7A-83BB121AAD01}</UniqueIdentifier>
      <Extensions>rc;ico;cur;bmp;dlg;rc2;rct;bin;rgs;gif;jpg;jpeg;jpe;resx;tiff;tif;png;wav;mfcribbon-ms</Extensions>
    </Filter>
    <Filter Include="소스 파일\Perceptron">
      <UniqueIdentifier>{49cb4dd7-1e13-40f9-8688-cf584f928b72}</UniqueIdentifier>
    </Filter>
    <Filter Include="소스 파일\Perceptron\Single_Layer_Perceptron">
      <UniqueIdentifier>{a71fd1ce-9463-4bca-b615-c707e4dedde6}</UniqueIdentifier>
    </Filter>
    <Filter Include="소스 파일\Perceptron\Multi_Layer_Perceptron">
      <UniqueIdentifier>{9143d6e7-67d0-4b70-9372-d7be83e317c0}</UniqueIdentifier>
    </Filter>
    <Filter Include="소스 파일\RNN">
      <UniqueIdentifier>{e34d20a0-213c-450b-80a3-e8a9e9996b06}</UniqueIdentifier>
    </Filter>
    <Filter Include="소스 파일\LSTM">
      <UniqueIdentifier>{524bc4bd-a6e1-4b36-a00d-e3f0842b9b7b}</UniqueIdentifier>
    </Filter>
    <Filter Include="소스 파일\LSTM\LSTM">
      <UniqueIdentifier>{63d588d1-d098-49f9-b040-f60ebc9ca2c5}</UniqueIdentifier>
    </Filter>
    <Filter Include="소스 파일\CUDA">
      <UniqueIdentifier>{90495a1a-cbaa-4d8d-b2de-212a920337d3}</UniqueIdentifier>
    </Filter>
    <Filter Include="소스 파일\LSTM\BILSTM">
      <UniqueIdentifier>{96148eba-005e-4cb9-9c2e-d54efe5b7ec8}</UniqueIdentifier>
    </Filter>
  </ItemGroup>
  <ItemGroup>
    <CudaCompile Include="Multi_Layer_Perceptron\Multi_Layer_Perceptron.cpp">
      <Filter>소스 파일\Perceptron\Multi_Layer_Perceptron</Filter>
    </CudaCompile>
    <CudaCompile Include="Single_Layer_Perceptron.cpp">
      <Filter>소스 파일\Perceptron\Single_Layer_Perceptron</Filter>
    </CudaCompile>
    <CudaCompile Include="Activation_Function.h">
      <Filter>소스 파일</Filter>
    </CudaCompile>
    <CudaCompile Include="CUDA\CUDA_Matrix.cu">
      <Filter>소스 파일\CUDA</Filter>
    </CudaCompile>
    <CudaCompile Include="CUDA\CUDA_Matrix.cuh">
      <Filter>소스 파일\CUDA</Filter>
    </CudaCompile>
    <CudaCompile Include="LSTM\LSTM\LSTM_Network.h">
      <Filter>소스 파일\LSTM\LSTM</Filter>
    </CudaCompile>
  </ItemGroup>
  <ItemGroup>
    <ClInclude Include="Single_Layer_Perceptron.h">
      <Filter>소스 파일\Perceptron\Single_Layer_Perceptron</Filter>
    </ClInclude>
    <ClInclude Include="Multi_Layer_Perceptron\Multi_Layer_Perceptron.h">
      <Filter>소스 파일\Perceptron\Multi_Layer_Perceptron</Filter>
    </ClInclude>
    <ClInclude Include="RNN\RNN.h">
      <Filter>소스 파일\RNN</Filter>
    </ClInclude>
    <ClInclude Include="LSTM\BiLSTM\BiLSTM.h">
      <Filter>소스 파일\LSTM\BILSTM</Filter>
    </ClInclude>
  </ItemGroup>
  <ItemGroup>
    <ClCompile Include="RNN\RNN.cpp">
      <Filter>소스 파일\RNN</Filter>
    </ClCompile>
    <ClCompile Include="LSTM\LSTM\LSTM_Network.cpp">
      <Filter>소스 파일\LSTM\LSTM</Filter>
    </ClCompile>
    <ClCompile Include="JNSDeepLearning.cpp">
      <Filter>소스 파일</Filter>
    </ClCompile>
    <ClCompile Include="LSTM\BiLSTM\BiLSTM.cpp">
      <Filter>소스 파일\LSTM\BILSTM</Filter>
    </ClCompile>
  </ItemGroup>
</Project>